{
  "name": "lambda-shared",
  "version": "1.0.0",
  "lockfileVersion": 3,
  "requires": true,
  "packages": {
    "": {
      "name": "lambda-shared",
      "version": "1.0.0",
      "dependencies": {
        "@anthropic-ai/sdk": "^0.133.0",
        "@aws-sdk/client-bedrock-runtime": "^3.800.0",
        "@aws-sdk/client-sts": "^3.1149.0"
      }
    },
    "node_modules/@anthropic-ai/sdk": {
      "version": "0.133.0",
      "resolved": "https://registry.npmjs.org/@anthropic-ai/sdk/-/sdk-0.133.0.tgz",
      "integrity": "sha512-jlqUN8p8ESTJj+GJnA4KjzbEfF1waEoGzRT8jwytlYGFFgv+/DUQOxlYGvYw10UzhD1kwLqYzxvA3FrTB2YWuQ==",
      "license": "MIT",
      "dependencies": {
        "json-schema-to-ts": "^3.1.1",
        "standardwebhooks": "^1.0.0"
      },
      "bin": {
        "anthropic-ai-sdk": "bin/cli"
      },
      "peerDependencies": {
        "zod": "^3.25.0 || ^4.0.0"
      },
      "peerDependenciesMeta": {
        "zod": {
          "optional": true
        }
      }
    },
    "node_modules/@aws-sdk/client-bedrock-runtime": {
      "version": "3.1149.0",
      "resolved": "https://registry.npmjs.org/@aws-sdk/client-bedrock-runtime/-/client-bedrock-runtime-3.1149.0.tgz",
      "integrity": "sha512-FArzHL7gOVLDCuF9VeYNgzlR7l119+iIexadd8tRp+UZvEIGWzIt9rWvNnGxJsXK5Ga2MEdKCu9MvTn7q2vFHg==",
      "license": "Apache-2.0",
      "dependencies": {
        "@aws-sdk/core": "^3.978.2",
        "@aws-sdk/credential-provider-node": "^3.972.85",
        "@aws-sdk/eventstream-handler-node": "^3.972.36",
        "@aws-sdk/middleware-eventstream": "^3.972.31",
        "@aws-sdk/middleware-websocket": "^3.972.55",
        "@aws-sdk/token-providers": "3.1149.0",
        "@aws-sdk/types": "^3.974.6",
        "@smithy/core": "^3.35.2",
        "@smithy/fetch-http-handler": "^5.8.0",
        "@smithy/node-http-handler": "^4.12.1",
        "@smithy/types": "^4.19.0",
        "tslib": "^2.6.2"
      },
      "engines": {
        "node": ">=20.0.0"
      }
    },
    "node_modules/@aws-sdk/client-sts": {
      "version": "3.1149.0",
      "resolved": "https://registry.npmjs.org/@aws-sdk/client-sts/-/client-sts-3.1149.0.tgz",
      "integrity": "sha512-0In5ROb7LuUKsixQIe5YeKrHTScOxpmDhSUBRgZY+wgsd2OotS6IwJfPHhT8IqeNoZtW/qPpX13xUX7YfoUJDA==",
      "license": "Apache-2.0",
      "dependencies": {
        "@aws-sdk/core": "^3.978.2",
        "@aws-sdk/credential-provider-node": "^3.972.85",
        "@aws-sdk/signature-v4-multi-region": "^3.996.48",
        "@aws-sdk/types": "^3.974.6",
        "@smithy/core": "^3.35.2",
        "@smithy/fetch-http-handler": "^5.8.0",
        "@smithy/node-http-handler": "^4.12.1",
        "@smithy/types": "^4.19.0",
        "tslib": "^2.6.2"
      },
      "engines": {
        "node": ">=20.0.0"
      }
    },
    "node_modules/@aws-sdk/core": {
      "version": "3.978.2",
      "resolved": "https://registry.npmjs.org/@aws-sdk/core/-/core-3.978.2.tgz",
      "integrity": "sha512-ViOBLuGSSyPAmkKGJ6KJXtVN7MOEp3rnI7uH+kWxnHccvo8C9cvunEAnN5/oaZH1laQfsTBw7IOnmNkWlFZl2A==",
      "license": "Apache-2.0",
      "dependencies": {
        "@aws-sdk/types": "^3.974.6",
        "@aws-sdk/xml-builder": "^3.972.41",
        "@aws/lambda-invoke-store": "^0.3.0",
        "@smithy/core": "^3.35.2",
        "@smithy/signature-v4": "^5.7.4",
        "@smithy/types": "^4.19.0",
        "bowser": "^2.11.0",
        "tslib": "^2.6.2"
      },
      "engines": {
        "node": ">=20.0.0"
      }
    },
    "node_modules/@aws-sdk/credential-provider-env": {
      "version": "3.972.73",
      "resolved": "https://registry.npmjs.org/@aws-sdk/credential-provider-env/-/credential-provider-env-3.972.73.tgz",
      "integrity": "sha512-PxlFZiF5IPUsPnuVSqjM9jlmRwZhL0xx40ccWfZiLQS8TRnHQpegpK1uAidatWuEqbJtbbY97A2Sezikz2AMUw==",
      "license": "Apache-2.0",
      "dependencies": {
        "@aws-sdk/core": "^3.978.2",
        "@aws-sdk/types": "^3.974.6",
        "@smithy/core": "^3.35.2",
        "@smithy/types": "^4.19.0",
        "tslib": "^2.6.2"
      },
      "engines": {
        "node": ">=20.0.0"
      }
    },
    "node_modules/@aws-sdk/credential-provider-http": {
      "version": "3.972.75",
      "resolved": "https://registry.npmjs.org/@aws-sdk/credential-provider-http/-/credential-provider-http-3.972.75.tgz",
      "integrity": "sha512-Q/uIDy8eAVN7JgSKDg16F/f+hmNJj/ZyLJN8AkW2ofVdDgJVh8fO/A26iZ7YsvM2/k76hsf/u2lLAtyXsK8Ziw==",
      "license": "Apache-2.0",
      "dependencies": {
        "@aws-sdk/core": "^3.978.2",
        "@aws-sdk/types": "^3.974.6",
        "@smithy/core": "^3.35.2",
        "@smithy/fetch-http-handler": "^5.8.0",
        "@smithy/node-http-handler": "^4.12.1",
        "@smithy/types": "^4.19.0",
        "tslib": "^2.6.2"
      },
      "engines": {
        "node": ">=20.0.0"
      }
    },
    "node_modules/@aws-sdk/credential-provider-ini": {
      "version": "3.973.18",
      "resolved": "https://registry.npmjs.org/@aws-sdk/credential-provider-ini/-/credential-provider-ini-3.973.18.tgz",
      "integrity": "sha512-KoyjZ9vdjuxEQ8obAH06xKP8H0WKqGhwUZLMqAOiS7G0xgUAht4X8f0ASLC/vhNLCWGblZOD3VQHWyTROGJHLg==",
      "license": "Apache-2.0",
      "dependencies": {
        "@aws-sdk/core": "^3.978.2",
        "@aws-sdk/credential-provider-env": "^3.972.73",
        "@aws-sdk/credential-provider-http": "^3.972.75",
        "@aws-sdk/credential-provider-login": "^3.972.80",
        "@aws-sdk/credential-provider-process": "^3.972.73",
        "@aws-sdk/credential-provider-sso": "^3.973.17",
        "@aws-sdk/credential-provider-web-identity": "^3.972.79",
        "@aws-sdk/nested-clients": "^3.997.47",
        "@aws-sdk/types": "^3.974.6",
        "@smithy/core": "^3.35.2",
        "@smithy/credential-provider-imds": "^4.5.2",
        "@smithy/types": "^4.19.0",
        "tslib": "^2.6.2"
      },
      "engines": {
        "node": ">=20.0.0"
      }
    },
    "node_modules/@aws-sdk/credential-provider-login": {
      "version": "3.972.80",
      "resolved": "https://registry.npmjs.org/@aws-sdk/credential-provider-login/-/credential-provider-login-3.972.80.tgz",
      "integrity": "sha512-xF9A0gaO7k+1dYPFoo69OQatA9Ov0QuDZfqE8H0FLyIoOph+mlEC+I1Qo9UULupGuDfSYh+kVpfcDSxSYf/2fg==",
      "license": "Apache-2.0",
      "dependencies": {
        "@aws-sdk/core": "^3.978.2",
        "@aws-sdk/nested-clients": "^3.997.47",
        "@aws-sdk/types": "^3.974.6",
        "@smithy/core": "^3.35.2",
        "@smithy/types": "^4.19.0",
        "tslib": "^2.6.2"
      },
      "engines": {
        "node": ">=20.0.0"
      }
    },
    "node_modules/@aws-sdk/credential-provider-node": {
      "version": "3.972.85",
      "resolved": "https://registry.npmjs.org/@aws-sdk/credential-provider-node/-/credential-provider-node-3.972.85.tgz",
      "integrity": "sha512-CrFcML/xImiSlquH4W3V6Npz3aSkPXHDVciAU1JOBN0vqjmkcz9H9up2sCHQqN76J/WrT+TJ580L8h2joksQrg==",
      "license": "Apache-2.0",
      "dependencies": {
        "@aws-sdk/credential-provider-env": "^3.972.73",
        "@aws-sdk/credential-provider-http": "^3.972.75",
        "@aws-sdk/credential-provider-ini": "^3.973.18",
        "@aws-sdk/credential-provider-process": "^3.972.73",
        "@aws-sdk/credential-provider-sso": "^3.973.17",
        "@aws-sdk/credential-provider-web-identity": "^3.972.79",
        "@aws-sdk/types": "^3.974.6",
        "@smithy/core": "^3.35.2",
        "@smithy/credential-provider-imds": "^4.5.2",
        "@smithy/types": "^4.19.0",
        "tslib": "^2.6.2"
      },
      "engines": {
        "node": ">=20.0.0"
      }
    },
    "node_modules/@aws-sdk/credential-provider-process": {
      "version": "3.972.73",
      "resolved": "https://registry.npmjs.org/@aws-sdk/credential-provider-process/-/credential-provider-process-3.972.73.tgz",
      "integrity": "sha512-tyNnT4aVuOEXmKKKZPExBi828vRd9heshobBsKF0bov5EORHSJc1AGsHOMRP57sDt+dIuVASUOywaixiX26t4g==",
      "license": "Apache-2.0",
      "dependencies": {
        "@aws-sdk/core": "^3.978.2",
        "@aws-sdk/types": "^3.974.6",
        "@smithy/core": "^3.35.2",
        "@smithy/types": "^4.19.0",
        "tslib": "^2.6.2"
      },
      "engines": {
        "node": ">=20.0.0"
      }
    },
    "node_modules/@aws-sdk/credential-provider-sso": {
      "version": "3.973.17",
      "resolved": "https://registry.npmjs.org/@aws-sdk/credential-provider-sso/-/credential-provider-sso-3.973.17.tgz",
      "integrity": "sha512-gxKTWaUk2gSbBOH4m3NPRfEKcGXeDAOgHr7nNG5JktR1xZLo0R+DpMjbcleoHbB0uJREOG7hjIRE635IuBWsRQ==",
      "license": "Apache-2.0",
      "dependencies": {
        "@aws-sdk/core": "^3.978.2",
        "@aws-sdk/nested-clients": "^3.997.47",
        "@aws-sdk/token-providers": "3.1149.0",
        "@aws-sdk/types": "^3.974.6",
        "@smithy/core": "^3.35.2",
        "@smithy/types": "^4.19.0",
        "tslib": "^2.6.2"
      },
      "engines": {
        "node": ">=20.0.0"
      }
    },
    "node_modules/@aws-sdk/credential-provider-web-identity": {
      "version": "3.972.79",
      "resolved": "https://registry.npmjs.org/@aws-sdk/credential-provider-web-identity/-/credential-provider-web-identity-3.972.79.tgz",
      "integrity": "sha512-/jn0Gs/qm6fs6nTIA5yncHayybz42SATZ3rNxCEBYPJ9v69PLrDRgk07E9xTT2gpRcNmDXXbi27ZbuU06N0Z6Q==",
      "license": "Apache-2.0",
      "dependencies": {
        "@aws-sdk/core": "^3.978.2",
        "@aws-sdk/nested-clients": "^3.997.47",
        "@aws-sdk/types": "^3.974.6",
        "@smithy/core": "^3.35.2",
        "@smithy/types": "^4.19.0",
        "tslib": "^2.6.2"
      },
      "engines": {
        "node": ">=20.0.0"
      }
    },
    "node_modules/@aws-sdk/eventstream-handler-node": {
      "version": "3.972.36",
      "resolved": "https://registry.npmjs.org/@aws-sdk/eventstream-handler-node/-/eventstream-handler-node-3.972.36.tgz",
      "integrity": "sha512-HFaKXA6ugPVvpR7W/3UT3hylWIPndqGMwduwNVrmGsRT5+OESHN8/ven4eeofraQF5Kxp8A8QgGVrv7iQsTRKQ==",
      "license": "Apache-2.0",
      "dependencies": {
        "@aws-sdk/types": "^3.974.6",
        "@smithy/core": "^3.35.2",
        "@smithy/types": "^4.19.0",
        "tslib": "^2.6.2"
      },
      "engines": {
        "node": ">=20.0.0"
      }
    },
    "node_modules/@aws-sdk/middleware-eventstream": {
      "version": "3.972.31",
      "resolved": "https://registry.npmjs.org/@aws-sdk/middleware-eventstream/-/middleware-eventstream-3.972.31.tgz",
      "integrity": "sha512-4yvdTVwPGKCnrwuwlYEmwLqQXKwk0unx3f/FvBi4FA9ruK/WGoPJyqfK7hOYurheIyQL44FR0ovgOHqvkfdpAQ==",
      "license": "Apache-2.0",
      "dependencies": {
        "@aws-sdk/types": "^3.974.6",
        "@smithy/core": "^3.35.2",
        "@smithy/types": "^4.19.0",
        "tslib": "^2.6.2"
      },
      "engines": {
        "node": ">=20.0.0"
      }
    },
    "node_modules/@aws-sdk/middleware-websocket": {
      "version": "3.972.55",
      "resolved": "https://registry.npmjs.org/@aws-sdk/middleware-websocket/-/middleware-websocket-3.972.55.tgz",
      "integrity": "sha512-dHlEl3sCn1Cu+qddPoz5RxjgGCXEzs/pbrh/rDRaOeb/Tz//FF59hacDvy7kvUn19mkm2nQRjhpzBnX+Ye37Qw==",
      "license": "Apache-2.0",
      "dependencies": {
        "@aws-sdk/core": "^3.978.2",
        "@aws-sdk/types": "^3.974.6",
        "@smithy/core": "^3.35.2",
        "@smithy/fetch-http-handler": "^5.8.0",
        "@smithy/signature-v4": "^5.7.4",
        "@smithy/types": "^4.19.0",
        "tslib": "^2.6.2"
      },
      "engines": {
        "node": ">= 14.0.0"
      }
    },
    "node_modules/@aws-sdk/nested-clients": {
      "version": "3.997.47",
      "resolved": "https://registry.npmjs.org/@aws-sdk/nested-clients/-/nested-clients-3.997.47.tgz",
      "integrity": "sha512-bovCKvDsLocNTzaj6VrrMVJ2BGROqO0JlwcGseO67a+I9Bo+08nUJhSQfZUIx4+A4a7I4101GEJd/AYm7dQ68w==",
      "license": "Apache-2.0",
      "dependencies": {
        "@aws-sdk/core": "^3.978.2",
        "@aws-sdk/signature-v4-multi-region": "^3.996.48",
        "@aws-sdk/types": "^3.974.6",
        "@smithy/core": "^3.35.2",
        "@smithy/fetch-http-handler": "^5.8.0",
        "@smithy/node-http-handler": "^4.12.1",
        "@smithy/types": "^4.19.0",
        "tslib": "^2.6.2"
      },
      "engines": {
        "node": ">=20.0.0"
      }
    },
    "node_modules/@aws-sdk/signature-v4-multi-region": {
      "version": "3.996.48",
      "resolved": "https://registry.npmjs.org/@aws-sdk/signature-v4-multi-region/-/signature-v4-multi-region-3.996.48.tgz",
      "integrity": "sha512-cFDXfEbXaGwbnpvR/DyqfxfjxpjXVRVthQLgkwvcfDS5u3+8G9WSj1X1Ag/pTRg/QOeOno1Tq3ycEdrKsCUcOA==",
      "license": "Apache-2.0",
      "dependencies": {
        "@aws-sdk/types": "^3.974.6",
        "@smithy/signature-v4": "^5.7.4",
        "@smithy/types": "^4.19.0",
        "tslib": "^2.6.2"
      },
      "engines": {
        "node": ">=20.0.0"
      }
    },
    "node_modules/@aws-sdk/token-providers": {
      "version": "3.1149.0",
      "resolved": "https://registry.npmjs.org/@aws-sdk/token-providers/-/token-providers-3.1149.0.tgz",
      "integrity": "sha512-CAwYyA8eVk1w6h8YgLvkjIOakWPwURaUFrP7BRVgkxTFUM+O87thyKsGKJ6rVPbP8eoEV10cBWQ5YfaYl3qSVQ==",
      "license": "Apache-2.0",
      "dependencies": {
        "@aws-sdk/core": "^3.978.2",
        "@aws-sdk/nested-clients": "^3.997.47",
        "@aws-sdk/types": "^3.974.6",
        "@smithy/core": "^3.35.2",
        "@smithy/types": "^4.19.0",
        "tslib": "^2.6.2"
      },
      "engines": {
        "node": ">=20.0.0"
      }
    },
    "node_modules/@aws-sdk/types": {
      "version": "3.974.6",
      "resolved": "https://registry.npmjs.org/@aws-sdk/types/-/types-3.974.6.tgz",
      "integrity": "sha512-v/clNZzZnDxGyvpHMOGpJKVXFAExJzUNAAjaWGdcx8QAcXLGwTaOkw33p5SHAi0YAioK32xB3hWwOekRVfmfKg==",
      "license": "Apache-2.0",
      "dependencies": {
        "@smithy/types": "^4.19.0",
        "tslib": "^2.6.2"
      },
      "engines": {
        "node": ">=20.0.0"
      }
    },
    "node_modules/@aws-sdk/xml-builder": {
      "version": "3.972.41",
      "resolved": "https://registry.npmjs.org/@aws-sdk/xml-builder/-/xml-builder-3.972.41.tgz",
      "integrity": "sha512-ctjVSyCMegrWfXlx6VqzSBFI6UqmQ5ZlnfMhdLIiWmhoH8UAQxSCP5N3OpG7X3k4LnS7ou74C4mt20+bfTW2aQ==",
      "license": "Apache-2.0",
      "dependencies": {
        "@smithy/types": "^4.19.0",
        "tslib": "^2.6.2"
      },
      "engines": {
        "node": ">=20.0.0"
      }
    },
    "node_modules/@aws/lambda-invoke-store": {
      "version": "0.3.0",
      "resolved": "https://registry.npmjs.org/@aws/lambda-invoke-store/-/lambda-invoke-store-0.3.0.tgz",
      "integrity": "sha512-sl4Bm6yiMNYrZKkqqDFWN0UfnWhlS8ivKxrYl+6t0gCLrqr8y3B2IqZZbFRkfaVVp7C/baApyh71P+LeE1A2sQ==",
      "license": "Apache-2.0",
      "engines": {
        "node": ">=18.0.0"
      }
    },
    "node_modules/@babel/runtime": {
      "version": "7.29.10",
      "resolved": "https://registry.npmjs.org/@babel/runtime/-/runtime-7.29.10.tgz",
      "integrity": "sha512-NpugTzbKgGrNe45Ui32cN8vCFFMxVtP/9rtfwv0nP5FRDAjvYBxJcLVpYA9mr1jxP6cnIT7x9LUzuDTbWYYNRA==",
      "license": "MIT",
      "engines": {
        "node": ">=6.9.0"
      }
    },
    "node_modules/@smithy/core": {
      "version": "3.35.2",
      "resolved": "https://registry.npmjs.org/@smithy/core/-/core-3.35.2.tgz",
      "integrity": "sha512-ejTukBuP/Pg3t9N8Ux+0zKsXeHWm7p6W3HbXFOyltKasSxZwCFmvTut7kBdZSCF3m9y1bXXyVu6p2xuMFcsTyQ==",
      "license": "Apache-2.0",
      "dependencies": {
        "@smithy/types": "^4.19.0",
        "tslib": "^2.6.2"
      },
      "engines": {
        "node": ">=18.0.0"
      }
    },
    "node_modules/@smithy/credential-provider-imds": {
      "version": "4.5.2",
      "resolved": "https://registry.npmjs.org/@smithy/credential-provider-imds/-/credential-provider-imds-4.5.2.tgz",
      "integrity": "sha512-A9uSdn72ozbRUSit0eib0TW7nXuNPlaeM0zcGkJ+nE6tFcSDbnmtwoxbTCFBukVQcszDAyvsd7+rTduPTXpygg==",
      "license": "Apache-2.0",
      "dependencies": {
        "@smithy/core": "^3.33.2",
        "@smithy/types": "^4.17.2",
        "tslib": "^2.6.2"
      },
      "engines": {
        "node": ">=18.0.0"
      }
    },
    "node_modules/@smithy/fetch-http-handler": {
      "version": "5.8.0",
      "resolved": "https://registry.npmjs.org/@smithy/fetch-http-handler/-/fetch-http-handler-5.8.0.tgz",
      "integrity": "sha512-ycSJu3tFAQ4v04CBB0agqFMVsSQ1iG3yw+SpgxRqKfaURpQD4CZ8Wn0zPMmSnOuTpTh65Vz+EA0rMrw089wvkA==",
      "license": "Apache-2.0",
      "dependencies": {
        "@smithy/core": "^3.33.3",
        "@smithy/types": "^4.18.0",
        "tslib": "^2.6.2"
      },
      "engines": {
        "node": ">=18.0.0"
      }
    },
    "node_modules/@smithy/node-http-handler": {
      "version": "4.12.1",
      "resolved": "https://registry.npmjs.org/@smithy/node-http-handler/-/node-http-handler-4.12.1.tgz",
      "integrity": "sha512-ThMkboGeONWXAelq9FvGsuJC4rOi+qyC4/zhUF58xYpxUg5sQKx2VXZYJmtNjr4dSuBJ1HeJXETQILCz3wOHvw==",
      "license": "Apache-2.0",
      "dependencies": {
        "@smithy/core": "^3.33.3",
        "@smithy/types": "^4.18.0",
        "tslib": "^2.6.2"
      },
      "engines": {
        "node": ">=18.0.0"
      }
    },
    "node_modules/@smithy/signature-v4": {
      "version": "5.7.4",
      "resolved": "https://registry.npmjs.org/@smithy/signature-v4/-/signature-v4-5.7.4.tgz",
      "integrity": "sha512-tHy0K0VtqNd5Y7Y41h0a0Lhh0L1GzC08dTWg0F7vRJWFtTENg7IZikf3wQkanYIRdb7ngoIPMTmqgUi401fEeQ==",
      "license": "Apache-2.0",
      "dependencies": {
        "@smithy/core": "^3.35.0",
        "@smithy/types": "^4.19.0",
        "tslib": "^2.6.2"
      },
      "engines": {
        "node": ">=18.0.0"
      }
    },
    "node_modules/@smithy/types": {
      "version": "4.19.0",
      "resolved": "https://registry.npmjs.org/@smithy/types/-/types-4.19.0.tgz",
      "integrity": "sha512-r7jh49VJxGerfAcTQA6gXcKc+98zOp/tqRwzYjgOE+iSQsP6cEU1hq2QzbuipmP68QtYdY9wKEhiCQZIzHgZ4Q==",
      "license": "Apache-2.0",
      "dependencies": {
        "tslib": "^2.6.2"
      },
      "engines": {
        "node": ">=18.0.0"
      }
    },
    "node_modules/@stablelib/base64": {
      "version": "1.0.1",
      "resolved": "https://registry.npmjs.org/@stablelib/base64/-/base64-1.0.1.tgz",
      "integrity": "sha512-1bnPQqSxSuc3Ii6MhBysoWCg58j97aUjuCSZrGSmDxNqtytIi0k8utUenAwTZN4V5mXXYGsVUI9zeBqy+jBOSQ==",
      "license": "MIT"
    },
    "node_modules/bowser": {
      "version": "2.14.1",
      "resolved": "https://registry.npmjs.org/bowser/-/bowser-2.14.1.tgz",
      "integrity": "sha512-tzPjzCxygAKWFOJP011oxFHs57HzIhOEracIgAePE4pqB3LikALKnSzUyU4MGs9/iCEUuHlAJTjTc5M+u7YEGg==",
      "license": "MIT"
    },
    "node_modules/fast-sha256": {
      "version": "1.3.0",
      "resolved": "https://registry.npmjs.org/fast-sha256/-/fast-sha256-1.3.0.tgz",
      "integrity": "sha512-n11RGP/lrWEFI/bWdygLxhI+pVeo1ZYIVwvvPkW7azl/rOy+F3HYRZ2K5zeE9mmkhQppyv9sQFx0JM9UabnpPQ==",
      "license": "Unlicense"
    },
    "node_modules/json-schema-to-ts": {
      "version": "3.1.1",
      "resolved": "https://registry.npmjs.org/json-schema-to-ts/-/json-schema-to-ts-3.1.1.tgz",
      "integrity": "sha512-+DWg8jCJG2TEnpy7kOm/7/AxaYoaRbjVB4LFZLySZlWn8exGs3A4OLJR966cVvU26N7X9TWxl+Jsw7dzAqKT6g==",
      "license": "MIT",
      "dependencies": {
        "@babel/runtime": "^7.18.3",
        "ts-algebra": "^2.0.0"
      },
      "engines": {
        "node": ">=16"
      }
    },
    "node_modules/standardwebhooks": {
      "version": "1.1.1",
      "resolved": "https://registry.npmjs.org/standardwebhooks/-/standardwebhooks-1.1.1.tgz",
      "integrity": "sha512-bCbX9ZEyFkWPsRz7Bl3NuQUJohmwGSev/yhr7vhaGPlc4AfIrspIRa6cPTBuI1ItmrTDJ4d/S2hCsfe4+vQGnQ==",
      "license": "MIT",
      "dependencies": {
        "@stablelib/base64": "^1.0.0",
        "fast-sha256": "^1.3.0"
      }
    },
    "node_modules/ts-algebra": {
      "version": "2.0.0",
      "resolved": "https://registry.npmjs.org/ts-algebra/-/ts-algebra-2.0.0.tgz",
      "integrity": "sha512-FPAhNPFMrkwz76P7cdjdmiShwMynZYN6SgOujD1urY4oNm80Ou9oMdmbR45LotcKOXoy7wSmHkRFE6Mxbrhefw==",
      "license": "MIT"
    },
    "node_modules/tslib": {
      "version": "2.8.1",
      "resolved": "https://registry.npmjs.org/tslib/-/tslib-2.8.1.tgz",
      "integrity": "sha512-oJFu94HQb+KVduSUQL7wnpmqnfmLsOA/nAh6b6EH0wCEoK0/mPeXU6c3wKDV83MkOuHPRHtSXKKU99IBazS/2w==",
      "license": "0BSD"
    }
  }
}
